
Microsoft Visual Studio Solution File, Format Version 12.00
# Visual Studio Version 17
VisualStudioVersion = 17.0.32112.339
MinimumVisualStudioVersion = 10.0.40219.1
Project("{9A19103F-16F7-4668-BE54-9A1E7A4F7556}") = "iMed.Server", "iMed.Server\iMed.Server.csproj", "{0AFD3F50-EDF2-4E91-BE43-9BF065C8B83F}"
EndProject
Project("{9A19103F-16F7-4668-BE54-9A1E7A4F7556}") = "iMed.Common", "iMed.Common\iMed.Common.csproj", "{2A502A2E-7F84-4368-919D-4327A79BA79F}"
EndProject
Project("{9A19103F-16F7-4668-BE54-9A1E7A4F7556}") = "iMed.Domain", "iMed.Domain\iMed.Domain.csproj", "{17D4A6FB-68F0-4D66-8DDB-3511AAEBE30E}"
EndProject
Project("{9A19103F-16F7-4668-BE54-9A1E7A4F7556}") = "iMed.Repos", "iMed.Repos\iMed.Repos.csproj", "{55625263-4EF5-482D-AA45-8D5AF2E04581}"
EndProject
Project("{9A19103F-16F7-4668-BE54-9A1E7A4F7556}") = "iMed.Core", "iMed.Core\iMed.Core.csproj", "{1F523310-1EF9-46B7-B128-24B711520640}"
EndProject
Project("{9A19103F-16F7-4668-BE54-9A1E7A4F7556}") = "iMed.Infrastructure", "iMed.Infrastructure\iMed.Infrastructure.csproj", "{6EB85600-AC9B-4D41-82CA-2E648F2F0CA0}"
EndProject
Project("{2150E333-8FDC-42A3-9474-1A3956D46DE8}") = "Solution Items", "Solution Items", "{491A7D91-0846-4DF2-A225-4480D24A0E72}"
	ProjectSection(SolutionItems) = preProject
		.version = .version
		buildAndPushDocker.sh = buildAndPushDocker.sh
		Dockerfile = Dockerfile
	EndProjectSection
EndProject
Global
	GlobalSection(SolutionConfigurationPlatforms) = preSolution
		Ad-Hoc|Any CPU = Ad-Hoc|Any CPU
		Ad-Hoc|iPhone = Ad-Hoc|iPhone
		Ad-Hoc|iPhoneSimulator = Ad-Hoc|iPhoneSimulator
		AppStore|Any CPU = AppStore|Any CPU
		AppStore|iPhone = AppStore|iPhone
		AppStore|iPhoneSimulator = AppStore|iPhoneSimulator
		Debug|Any CPU = Debug|Any CPU
		Debug|iPhone = Debug|iPhone
		Debug|iPhoneSimulator = Debug|iPhoneSimulator
		Release|Any CPU = Release|Any CPU
		Release|iPhone = Release|iPhone
		Release|iPhoneSimulator = Release|iPhoneSimulator
	EndGlobalSection
	GlobalSection(ProjectConfigurationPlatforms) = postSolution
		{0AFD3F50-EDF2-4E91-BE43-9BF065C8B83F}.Ad-Hoc|Any CPU.ActiveCfg = Release|Any CPU
		{0AFD3F50-EDF2-4E91-BE43-9BF065C8B83F}.Ad-Hoc|Any CPU.Build.0 = Release|Any CPU
		{0AFD3F50-EDF2-4E91-BE43-9BF065C8B83F}.Ad-Hoc|iPhone.ActiveCfg = Release|Any CPU
		{0AFD3F50-EDF2-4E91-BE43-9BF065C8B83F}.Ad-Hoc|iPhone.Build.0 = Release|Any CPU
		{0AFD3F50-EDF2-4E91-BE43-9BF065C8B83F}.Ad-Hoc|iPhoneSimulator.ActiveCfg = Release|Any CPU
		{0AFD3F50-EDF2-4E91-BE43-9BF065C8B83F}.Ad-Hoc|iPhoneSimulator.Build.0 = Release|Any CPU
		{0AFD3F50-EDF2-4E91-BE43-9BF065C8B83F}.AppStore|Any CPU.ActiveCfg = Release|Any CPU
		{0AFD3F50-EDF2-4E91-BE43-9BF065C8B83F}.AppStore|Any CPU.Build.0 = Release|Any CPU
		{0AFD3F50-EDF2-4E91-BE43-9BF065C8B83F}.AppStore|iPhone.ActiveCfg = Release|Any CPU
		{0AFD3F50-EDF2-4E91-BE43-9BF065C8B83F}.AppStore|iPhone.Build.0 = Release|Any CPU
		{0AFD3F50-EDF2-4E91-BE43-9BF065C8B83F}.AppStore|iPhoneSimulator.ActiveCfg = Release|Any CPU
		{0AFD3F50-EDF2-4E91-BE43-9BF065C8B83F}.AppStore|iPhoneSimulator.Build.0 = Release|Any CPU
		{0AFD3F50-EDF2-4E91-BE43-9BF065C8B83F}.Debug|Any CPU.ActiveCfg = Debug|Any CPU
		{0AFD3F50-EDF2-4E91-BE43-9BF065C8B83F}.Debug|Any CPU.Build.0 = Debug|Any CPU
		{0AFD3F50-EDF2-4E91-BE43-9BF065C8B83F}.Debug|iPhone.ActiveCfg = Debug|Any CPU
		{0AFD3F50-EDF2-4E91-BE43-9BF065C8B83F}.Debug|iPhone.Build.0 = Debug|Any CPU
		{0AFD3F50-EDF2-4E91-BE43-9BF065C8B83F}.Debug|iPhoneSimulator.ActiveCfg = Debug|Any CPU
		{0AFD3F50-EDF2-4E91-BE43-9BF065C8B83F}.Debug|iPhoneSimulator.Build.0 = Debug|Any CPU
		{0AFD3F50-EDF2-4E91-BE43-9BF065C8B83F}.Release|Any CPU.ActiveCfg = Release|Any CPU
		{0AFD3F50-EDF2-4E91-BE43-9BF065C8B83F}.Release|Any CPU.Build.0 = Release|Any CPU
		{0AFD3F50-EDF2-4E91-BE43-9BF065C8B83F}.Release|iPhone.ActiveCfg = Release|Any CPU
		{0AFD3F50-EDF2-4E91-BE43-9BF065C8B83F}.Release|iPhone.Build.0 = Release|Any CPU
		{0AFD3F50-EDF2-4E91-BE43-9BF065C8B83F}.Release|iPhoneSimulator.ActiveCfg = Release|Any CPU
		{0AFD3F50-EDF2-4E91-BE43-9BF065C8B83F}.Release|iPhoneSimulator.Build.0 = Release|Any CPU
		{2A502A2E-7F84-4368-919D-4327A79BA79F}.Ad-Hoc|Any CPU.ActiveCfg = Release|Any CPU
		{2A502A2E-7F84-4368-919D-4327A79BA79F}.Ad-Hoc|Any CPU.Build.0 = Release|Any CPU
		{2A502A2E-7F84-4368-919D-4327A79BA79F}.Ad-Hoc|iPhone.ActiveCfg = Release|Any CPU
		{2A502A2E-7F84-4368-919D-4327A79BA79F}.Ad-Hoc|iPhone.Build.0 = Release|Any CPU
		{2A502A2E-7F84-4368-919D-4327A79BA79F}.Ad-Hoc|iPhoneSimulator.ActiveCfg = Release|Any CPU
		{2A502A2E-7F84-4368-919D-4327A79BA79F}.Ad-Hoc|iPhoneSimulator.Build.0 = Release|Any CPU
		{2A502A2E-7F84-4368-919D-4327A79BA79F}.AppStore|Any CPU.ActiveCfg = Release|Any CPU
		{2A502A2E-7F84-4368-919D-4327A79BA79F}.AppStore|Any CPU.Build.0 = Release|Any CPU
		{2A502A2E-7F84-4368-919D-4327A79BA79F}.AppStore|iPhone.ActiveCfg = Release|Any CPU
		{2A502A2E-7F84-4368-919D-4327A79BA79F}.AppStore|iPhone.Build.0 = Release|Any CPU
		{2A502A2E-7F84-4368-919D-4327A79BA79F}.AppStore|iPhoneSimulator.ActiveCfg = Release|Any CPU
		{2A502A2E-7F84-4368-919D-4327A79BA79F}.AppStore|iPhoneSimulator.Build.0 = Release|Any CPU
		{2A502A2E-7F84-4368-919D-4327A79BA79F}.Debug|Any CPU.ActiveCfg = Debug|Any CPU
		{2A502A2E-7F84-4368-919D-4327A79BA79F}.Debug|Any CPU.Build.0 = Debug|Any CPU
		{2A502A2E-7F84-4368-919D-4327A79BA79F}.Debug|iPhone.ActiveCfg = Debug|Any CPU
		{2A502A2E-7F84-4368-919D-4327A79BA79F}.Debug|iPhone.Build.0 = Debug|Any CPU
		{2A502A2E-7F84-4368-919D-4327A79BA79F}.Debug|iPhoneSimulator.ActiveCfg = Debug|Any CPU
		{2A502A2E-7F84-4368-919D-4327A79BA79F}.Debug|iPhoneSimulator.Build.0 = Debug|Any CPU
		{2A502A2E-7F84-4368-919D-4327A79BA79F}.Release|Any CPU.ActiveCfg = Release|Any CPU
		{2A502A2E-7F84-4368-919D-4327A79BA79F}.Release|Any CPU.Build.0 = Release|Any CPU
		{2A502A2E-7F84-4368-919D-4327A79BA79F}.Release|iPhone.ActiveCfg = Release|Any CPU
		{2A502A2E-7F84-4368-919D-4327A79BA79F}.Release|iPhone.Build.0 = Release|Any CPU
		{2A502A2E-7F84-4368-919D-4327A79BA79F}.Release|iPhoneSimulator.ActiveCfg = Release|Any CPU
		{2A502A2E-7F84-4368-919D-4327A79BA79F}.Release|iPhoneSimulator.Build.0 = Release|Any CPU
		{17D4A6FB-68F0-4D66-8DDB-3511AAEBE30E}.Ad-Hoc|Any CPU.ActiveCfg = Release|Any CPU
		{17D4A6FB-68F0-4D66-8DDB-3511AAEBE30E}.Ad-Hoc|Any CPU.Build.0 = Release|Any CPU
		{17D4A6FB-68F0-4D66-8DDB-3511AAEBE30E}.Ad-Hoc|iPhone.ActiveCfg = Release|Any CPU
		{17D4A6FB-68F0-4D66-8DDB-3511AAEBE30E}.Ad-Hoc|iPhone.Build.0 = Release|Any CPU
		{17D4A6FB-68F0-4D66-8DDB-3511AAEBE30E}.Ad-Hoc|iPhoneSimulator.ActiveCfg = Release|Any CPU
		{17D4A6FB-68F0-4D66-8DDB-3511AAEBE30E}.Ad-Hoc|iPhoneSimulator.Build.0 = Release|Any CPU
		{17D4A6FB-68F0-4D66-8DDB-3511AAEBE30E}.AppStore|Any CPU.ActiveCfg = Release|Any CPU
		{17D4A6FB-68F0-4D66-8DDB-3511AAEBE30E}.AppStore|Any CPU.Build.0 = Release|Any CPU
		{17D4A6FB-68F0-4D66-8DDB-3511AAEBE30E}.AppStore|iPhone.ActiveCfg = Release|Any CPU
		{17D4A6FB-68F0-4D66-8DDB-3511AAEBE30E}.AppStore|iPhone.Build.0 = Release|Any CPU
		{17D4A6FB-68F0-4D66-8DDB-3511AAEBE30E}.AppStore|iPhoneSimulator.ActiveCfg = Release|Any CPU
		{17D4A6FB-68F0-4D66-8DDB-3511AAEBE30E}.AppStore|iPhoneSimulator.Build.0 = Release|Any CPU
		{17D4A6FB-68F0-4D66-8DDB-3511AAEBE30E}.Debug|Any CPU.ActiveCfg = Debug|Any CPU
		{17D4A6FB-68F0-4D66-8DDB-3511AAEBE30E}.Debug|Any CPU.Build.0 = Debug|Any CPU
		{17D4A6FB-68F0-4D66-8DDB-3511AAEBE30E}.Debug|iPhone.ActiveCfg = Debug|Any CPU
		{17D4A6FB-68F0-4D66-8DDB-3511AAEBE30E}.Debug|iPhone.Build.0 = Debug|Any CPU
		{17D4A6FB-68F0-4D66-8DDB-3511AAEBE30E}.Debug|iPhoneSimulator.ActiveCfg = Debug|Any CPU
		{17D4A6FB-68F0-4D66-8DDB-3511AAEBE30E}.Debug|iPhoneSimulator.Build.0 = Debug|Any CPU
		{17D4A6FB-68F0-4D66-8DDB-3511AAEBE30E}.Release|Any CPU.ActiveCfg = Release|Any CPU
		{17D4A6FB-68F0-4D66-8DDB-3511AAEBE30E}.Release|Any CPU.Build.0 = Release|Any CPU
		{17D4A6FB-68F0-4D66-8DDB-3511AAEBE30E}.Release|iPhone.ActiveCfg = Release|Any CPU
		{17D4A6FB-68F0-4D66-8DDB-3511AAEBE30E}.Release|iPhone.Build.0 = Release|Any CPU
		{17D4A6FB-68F0-4D66-8DDB-3511AAEBE30E}.Release|iPhoneSimulator.ActiveCfg = Release|Any CPU
		{17D4A6FB-68F0-4D66-8DDB-3511AAEBE30E}.Release|iPhoneSimulator.Build.0 = Release|Any CPU
		{55625263-4EF5-482D-AA45-8D5AF2E04581}.Ad-Hoc|Any CPU.ActiveCfg = Release|Any CPU
		{55625263-4EF5-482D-AA45-8D5AF2E04581}.Ad-Hoc|Any CPU.Build.0 = Release|Any CPU
		{55625263-4EF5-482D-AA45-8D5AF2E04581}.Ad-Hoc|iPhone.ActiveCfg = Release|Any CPU
		{55625263-4EF5-482D-AA45-8D5AF2E04581}.Ad-Hoc|iPhone.Build.0 = Release|Any CPU
		{55625263-4EF5-482D-AA45-8D5AF2E04581}.Ad-Hoc|iPhoneSimulator.ActiveCfg = Release|Any CPU
		{55625263-4EF5-482D-AA45-8D5AF2E04581}.Ad-Hoc|iPhoneSimulator.Build.0 = Release|Any CPU
		{55625263-4EF5-482D-AA45-8D5AF2E04581}.AppStore|Any CPU.ActiveCfg = Release|Any CPU
		{55625263-4EF5-482D-AA45-8D5AF2E04581}.AppStore|Any CPU.Build.0 = Release|Any CPU
		{55625263-4EF5-482D-AA45-8D5AF2E04581}.AppStore|iPhone.ActiveCfg = Release|Any CPU
		{55625263-4EF5-482D-AA45-8D5AF2E04581}.AppStore|iPhone.Build.0 = Release|Any CPU
		{55625263-4EF5-482D-AA45-8D5AF2E04581}.AppStore|iPhoneSimulator.ActiveCfg = Release|Any CPU
		{55625263-4EF5-482D-AA45-8D5AF2E04581}.AppStore|iPhoneSimulator.Build.0 = Release|Any CPU
		{55625263-4EF5-482D-AA45-8D5AF2E04581}.Debug|Any CPU.ActiveCfg = Debug|Any CPU
		{55625263-4EF5-482D-AA45-8D5AF2E04581}.Debug|Any CPU.Build.0 = Debug|Any CPU
		{55625263-4EF5-482D-AA45-8D5AF2E04581}.Debug|iPhone.ActiveCfg = Debug|Any CPU
		{55625263-4EF5-482D-AA45-8D5AF2E04581}.Debug|iPhone.Build.0 = Debug|Any CPU
		{55625263-4EF5-482D-AA45-8D5AF2E04581}.Debug|iPhoneSimulator.ActiveCfg = Debug|Any CPU
		{55625263-4EF5-482D-AA45-8D5AF2E04581}.Debug|iPhoneSimulator.Build.0 = Debug|Any CPU
		{55625263-4EF5-482D-AA45-8D5AF2E04581}.Release|Any CPU.ActiveCfg = Release|Any CPU
		{55625263-4EF5-482D-AA45-8D5AF2E04581}.Release|Any CPU.Build.0 = Release|Any CPU
		{55625263-4EF5-482D-AA45-8D5AF2E04581}.Release|iPhone.ActiveCfg = Release|Any CPU
		{55625263-4EF5-482D-AA45-8D5AF2E04581}.Release|iPhone.Build.0 = Release|Any CPU
		{55625263-4EF5-482D-AA45-8D5AF2E04581}.Release|iPhoneSimulator.ActiveCfg = Release|Any CPU
		{55625263-4EF5-482D-AA45-8D5AF2E04581}.Release|iPhoneSimulator.Build.0 = Release|Any CPU
		{1F523310-1EF9-46B7-B128-24B711520640}.Ad-Hoc|Any CPU.ActiveCfg = Release|Any CPU
		{1F523310-1EF9-46B7-B128-24B711520640}.Ad-Hoc|Any CPU.Build.0 = Release|Any CPU
		{1F523310-1EF9-46B7-B128-24B711520640}.Ad-Hoc|iPhone.ActiveCfg = Release|Any CPU
		{1F523310-1EF9-46B7-B128-24B711520640}.Ad-Hoc|iPhone.Build.0 = Release|Any CPU
		{1F523310-1EF9-46B7-B128-24B711520640}.Ad-Hoc|iPhoneSimulator.ActiveCfg = Release|Any CPU
		{1F523310-1EF9-46B7-B128-24B711520640}.Ad-Hoc|iPhoneSimulator.Build.0 = Release|Any CPU
		{1F523310-1EF9-46B7-B128-24B711520640}.AppStore|Any CPU.ActiveCfg = Release|Any CPU
		{1F523310-1EF9-46B7-B128-24B711520640}.AppStore|Any CPU.Build.0 = Release|Any CPU
		{1F523310-1EF9-46B7-B128-24B711520640}.AppStore|iPhone.ActiveCfg = Release|Any CPU
		{1F523310-1EF9-46B7-B128-24B711520640}.AppStore|iPhone.Build.0 = Release|Any CPU
		{1F523310-1EF9-46B7-B128-24B711520640}.AppStore|iPhoneSimulator.ActiveCfg = Release|Any CPU
		{1F523310-1EF9-46B7-B128-24B711520640}.AppStore|iPhoneSimulator.Build.0 = Release|Any CPU
		{1F523310-1EF9-46B7-B128-24B711520640}.Debug|Any CPU.ActiveCfg = Debug|Any CPU
		{1F523310-1EF9-46B7-B128-24B711520640}.Debug|Any CPU.Build.0 = Debug|Any CPU
		{1F523310-1EF9-46B7-B128-24B711520640}.Debug|iPhone.ActiveCfg = Debug|Any CPU
		{1F523310-1EF9-46B7-B128-24B711520640}.Debug|iPhone.Build.0 = Debug|Any CPU
		{1F523310-1EF9-46B7-B128-24B711520640}.Debug|iPhoneSimulator.ActiveCfg = Debug|Any CPU
		{1F523310-1EF9-46B7-B128-24B711520640}.Debug|iPhoneSimulator.Build.0 = Debug|Any CPU
		{1F523310-1EF9-46B7-B128-24B711520640}.Release|Any CPU.ActiveCfg = Release|Any CPU
		{1F523310-1EF9-46B7-B128-24B711520640}.Release|Any CPU.Build.0 = Release|Any CPU
		{1F523310-1EF9-46B7-B128-24B711520640}.Release|iPhone.ActiveCfg = Release|Any CPU
		{1F523310-1EF9-46B7-B128-24B711520640}.Release|iPhone.Build.0 = Release|Any CPU
		{1F523310-1EF9-46B7-B128-24B711520640}.Release|iPhoneSimulator.ActiveCfg = Release|Any CPU
		{1F523310-1EF9-46B7-B128-24B711520640}.Release|iPhoneSimulator.Build.0 = Release|Any CPU
		{6EB85600-AC9B-4D41-82CA-2E648F2F0CA0}.Ad-Hoc|Any CPU.ActiveCfg = Release|Any CPU
		{6EB85600-AC9B-4D41-82CA-2E648F2F0CA0}.Ad-Hoc|Any CPU.Build.0 = Release|Any CPU
		{6EB85600-AC9B-4D41-82CA-2E648F2F0CA0}.Ad-Hoc|iPhone.ActiveCfg = Release|Any CPU
		{6EB85600-AC9B-4D41-82CA-2E648F2F0CA0}.Ad-Hoc|iPhone.Build.0 = Release|Any CPU
		{6EB85600-AC9B-4D41-82CA-2E648F2F0CA0}.Ad-Hoc|iPhoneSimulator.ActiveCfg = Release|Any CPU
		{6EB85600-AC9B-4D41-82CA-2E648F2F0CA0}.Ad-Hoc|iPhoneSimulator.Build.0 = Release|Any CPU
		{6EB85600-AC9B-4D41-82CA-2E648F2F0CA0}.AppStore|Any CPU.ActiveCfg = Release|Any CPU
		{6EB85600-AC9B-4D41-82CA-2E648F2F0CA0}.AppStore|Any CPU.Build.0 = Release|Any CPU
		{6EB85600-AC9B-4D41-82CA-2E648F2F0CA0}.AppStore|iPhone.ActiveCfg = Release|Any CPU
		{6EB85600-AC9B-4D41-82CA-2E648F2F0CA0}.AppStore|iPhone.Build.0 = Release|Any CPU
		{6EB85600-AC9B-4D41-82CA-2E648F2F0CA0}.AppStore|iPhoneSimulator.ActiveCfg = Release|Any CPU
		{6EB85600-AC9B-4D41-82CA-2E648F2F0CA0}.AppStore|iPhoneSimulator.Build.0 = Release|Any CPU
		{6EB85600-AC9B-4D41-82CA-2E648F2F0CA0}.Debug|Any CPU.ActiveCfg = Debug|Any CPU
		{6EB85600-AC9B-4D41-82CA-2E648F2F0CA0}.Debug|Any CPU.Build.0 = Debug|Any CPU
		{6EB85600-AC9B-4D41-82CA-2E648F2F0CA0}.Debug|iPhone.ActiveCfg = Debug|Any CPU
		{6EB85600-AC9B-4D41-82CA-2E648F2F0CA0}.Debug|iPhone.Build.0 = Debug|Any CPU
		{6EB85600-AC9B-4D41-82CA-2E648F2F0CA0}.Debug|iPhoneSimulator.ActiveCfg = Debug|Any CPU
		{6EB85600-AC9B-4D41-82CA-2E648F2F0CA0}.Debug|iPhoneSimulator.Build.0 = Debug|Any CPU
		{6EB85600-AC9B-4D41-82CA-2E648F2F0CA0}.Release|Any CPU.ActiveCfg = Release|Any CPU
		{6EB85600-AC9B-4D41-82CA-2E648F2F0CA0}.Release|Any CPU.Build.0 = Release|Any CPU
		{6EB85600-AC9B-4D41-82CA-2E648F2F0CA0}.Release|iPhone.ActiveCfg = Release|Any CPU
		{6EB85600-AC9B-4D41-82CA-2E648F2F0CA0}.Release|iPhone.Build.0 = Release|Any CPU
		{6EB85600-AC9B-4D41-82CA-2E648F2F0CA0}.Release|iPhoneSimulator.ActiveCfg = Release|Any CPU
		{6EB85600-AC9B-4D41-82CA-2E648F2F0CA0}.Release|iPhoneSimulator.Build.0 = Release|Any CPU
	EndGlobalSection
	GlobalSection(SolutionProperties) = preSolution
		HideSolutionNode = FALSE
	EndGlobalSection
	GlobalSection(ExtensibilityGlobals) = postSolution
		SolutionGuid = {910C1AC2-8F01-4813-B7B9-BCCFC3C8BDA0}
	EndGlobalSection
EndGlobal
